
Microsoft Visual Studio Solution File, Format Version 12.00
# Visual Studio Version 17
VisualStudioVersion = 17.14.36109.1 d17.14
MinimumVisualStudioVersion = 10.0.40219.1
Project("{FAE04EC0-301F-11D3-BF4B-00C04F79EFBC}") = "ТекстовыйРедактор", "ТекстовыйРедактор\ТекстовыйРедактор.csproj", "{A2FEA65C-F178-401F-A40A-C752ED56C3B6}"
EndProject
Global
	GlobalSection(SolutionConfigurationPlatforms) = preSolution
		Debug|Any CPU = Debug|Any CPU
		Release|Any CPU = Release|Any CPU
	EndGlobalSection
	GlobalSection(ProjectConfigurationPlatforms) = postSolution
		{A2FEA65C-F178-401F-A40A-C752ED56C3B6}.Debug|Any CPU.ActiveCfg = Debug|Any CPU
		{A2FEA65C-F178-401F-A40A-C752ED56C3B6}.Debug|Any CPU.Build.0 = Debug|Any CPU
		{A2FEA65C-F178-401F-A40A-C752ED56C3B6}.Release|Any CPU.ActiveCfg = Release|Any CPU
		{A2FEA65C-F178-401F-A40A-C752ED56C3B6}.Release|Any CPU.Build.0 = Release|Any CPU
	EndGlobalSection
	GlobalSection(SolutionProperties) = preSolution
		HideSolutionNode = FALSE
	EndGlobalSection
	GlobalSection(ExtensibilityGlobals) = postSolution
		SolutionGuid = {0DCFD0E2-CF8B-48FC-B2C0-5182164459FC}
	EndGlobalSection
EndGlobal
